# This file is generated by running "yarn install" inside your project.
# Manual changes might be lost - proceed with caution!

__metadata:
  version: 8
  cacheKey: 10c0

"mime-db@npm:^1.52.0":
  version: 1.54.0
  resolution: "mime-db@npm:1.54.0"
  checksum: 10c0/8d907917bc2a90fa2df842cdf5dfeaf509adc15fe0531e07bb2f6ab15992416479015828d6a74200041c492e42cce3ebf78e5ce714388a0a538ea9c53eece284
  languageName: node
  linkType: hard

"owasp-nodejs-goat@workspace:.":
  version: 0.0.0-use.local
  resolution: "owasp-nodejs-goat@workspace:."
  dependencies:
    mime-db: "npm:^1.52.0"
  languageName: unknown
  linkType: soft
