# This file is generated by running "yarn install" inside your project.
# Manual changes might be lost - proceed with caution!

__metadata:
  version: 4
  cacheKey: 7

"amdefine@npm:>=0.0.4":
  version: 1.0.1
  resolution: "amdefine@npm:1.0.1"
  checksum: 8b163d7cd3224b8648a6f9be045f1e111847d53acb21b3f9fca3b7ef20da63de4b256c6dfc175a340d9a2bb13fcab9f633089e2d4ac230ea9721db038962d256
  languageName: node
  linkType: hard

"async@npm:~0.2.6":
  version: 0.2.10
  resolution: "async@npm:0.2.10"
  checksum: 8fd2b938bbdbcd48188e7025f2202cb5fc5fce704347337e664971b439da9e2ee7c441b344568647d0c426e5bdc9100c8d4ec3c497a888e2b9878c367aa68979
  languageName: node
  linkType: hard

"camelcase@npm:^1.0.2":
  version: 1.2.1
  resolution: "camelcase@npm:1.2.1"
  checksum: 9fdfb1b43867ecca5bb1f2ba1d08fcb7f44d8ae8f9446e1506ec45e13b178c9df92cd34baf8d159a5df16a3baa255755e081d39524d7c772632b5829fb709fbd
  languageName: node
  linkType: hard

"decamelize@npm:^1.0.0":
  version: 1.2.0
  resolution: "decamelize@npm:1.2.0"
  checksum: 8ca9d03ea8ac07920f4504e219d18edff2491bdd0a3e05a1e5ca2e9a0bf6333564231de3528b01d5e76c40a38c37bbc1e09cb5a0424714f53dd615ed78ced464
  languageName: node
  linkType: hard

"minimist@npm:~0.0.1":
  version: 0.0.10
  resolution: "minimist@npm:0.0.10"
  checksum: 2e45f013789db167eaffc5954531cd6adc9d1bcf86498b1a1de87f8aa4a3bb8ff393226107046a3e681e04e3ca8997156c9d7cf3a03a223ed5b535ae71d2e66e
  languageName: node
  linkType: hard

"optimist@npm:~0.6":
  version: 0.6.1
  resolution: "optimist@npm:0.6.1"
  dependencies:
    minimist: ~0.0.1
    wordwrap: ~0.0.2
  checksum: 14cb755f3864ce3459219e1c6a7cd043c7de14f0e6ec5acfc774728e9974a50ae153ebebfcf8a3d38f7bf273e120c6aae735b99d17377fa2c2e867df33402c16
  languageName: node
  linkType: hard

"owasp-nodejs-goat@workspace:.":
  version: 0.0.0-use.local
  resolution: "owasp-nodejs-goat@workspace:."
  dependencies:
    swig: 1.4.2
  languageName: unknown
  linkType: soft

"source-map@npm:0.1.34":
  version: 0.1.34
  resolution: "source-map@npm:0.1.34"
  dependencies:
    amdefine: ">=0.0.4"
  checksum: ec5a2920ceb23d1b6e9369464c8952bca345d5ab8e041bbb3d07392c18db607c7dd29a511f54492751377a6321d7b3753be57cccae8cdd7f2250d6f40eec57a8
  languageName: node
  linkType: hard

"swig@npm:1.4.2":
  version: 1.4.2
  resolution: "swig@npm:1.4.2"
  dependencies:
    optimist: ~0.6
    uglify-js: ~2.4
  bin:
    swig: ./bin/swig.js
  checksum: ae5cbd847482cfaddab4dd0a6e164d8d3fb3955650c2eb20a7551c8f1794edf03e440c1931f75fef6e99cf72f8c5ee8c80c4860b2ebc4fa833954bfdadafb982
  languageName: node
  linkType: hard

"uglify-js@npm:~2.4":
  version: 2.4.24
  resolution: "uglify-js@npm:2.4.24"
  dependencies:
    async: ~0.2.6
    source-map: 0.1.34
    uglify-to-browserify: ~1.0.0
    yargs: ~3.5.4
  bin:
    uglifyjs: bin/uglifyjs
  checksum: e68c19c5f48c45acda0c47f826647485b6e420d56452d7a1f928be01dc6ec11dafaea0c8b9df47fdeb9a100a3a0beb18cfa4f5499d40cebcf3f16e9443d8f402
  languageName: node
  linkType: hard

"uglify-to-browserify@npm:~1.0.0":
  version: 1.0.2
  resolution: "uglify-to-browserify@npm:1.0.2"
  checksum: 3555c8f33929f1a866c412c04a84ebb03d87ed1ec07140a7fe7f678facb3b5e5740d4cb2458b2e094ccea87649e1964c84d014dd47aac6057b7d4986a021cfa7
  languageName: node
  linkType: hard

"window-size@npm:0.1.0":
  version: 0.1.0
  resolution: "window-size@npm:0.1.0"
  checksum: ae6660d855375010680ca814ebbd5a4bdfe82e477901acc5670db84c725c55db9573104f34dad74874e14ee7fedeb0566e828c8c3d8b52c810ac501519293310
  languageName: node
  linkType: hard

"wordwrap@npm:0.0.2":
  version: 0.0.2
  resolution: "wordwrap@npm:0.0.2"
  checksum: ad9635091f047bbda7c0ebe52cedf6c5187c27a68a9e8a156755cc60adc073ef0c87846491dbcbfd4bf3e59b91da232a5ea12a6199078226560a1fcdb2ad4c88
  languageName: node
  linkType: hard

"wordwrap@npm:~0.0.2":
  version: 0.0.3
  resolution: "wordwrap@npm:0.0.3"
  checksum: e8c84baa721bd7bc13a88e52e1bc25dd4d14accedafe04d24fbc400ba74ae6d620ac4eff5425d5cab342d1ff43f74396272492039b7d7a804bffd2039a153ff0
  languageName: node
  linkType: hard

"yargs@npm:~3.5.4":
  version: 3.5.4
  resolution: "yargs@npm:3.5.4"
  dependencies:
    camelcase: ^1.0.2
    decamelize: ^1.0.0
    window-size: 0.1.0
    wordwrap: 0.0.2
  checksum: 76289e239e7c15cc282708c4bcc644e4aabe327a0a5adbd468306f5eeb7cac0164a50c8836da9187b909bbd71618c6641b216b40d7439b183ca3bfd955f18066
  languageName: node
  linkType: hard
