# This file is generated by running "yarn install" inside your project.
# Manual changes might be lost - proceed with caution!

__metadata:
  version: 10
  cacheKey: 10c0

"amdefine@npm:>=0.0.4":
  version: 1.0.1
  resolution: "amdefine@npm:1.0.1"
  checksum: 10c0/ba8aa5d4ff5248b2ed067111e72644b36b5b7ae88d9a5a2c4223dddb3bdc9102db67291e0b414f59f12c6479ac6a365886bac72c7965e627cbc732e0962dd1ab
  languageName: node
  linkType: hard

"async@npm:~0.2.6":
  version: 0.2.10
  resolution: "async@npm:0.2.10"
  checksum: 10c0/714d284dc6c3ae59f3e8b347083e32c7657ba4ffc4ff945eb152ad4fb08def27e768992fcd4d9fd3b411c6b42f1541862ac917446bf2a1acfa0f302d1001f7d2
  languageName: node
  linkType: hard

"camelcase@npm:^1.0.2":
  version: 1.2.1
  resolution: "camelcase@npm:1.2.1"
  checksum: 10c0/dec70dfd46be8e31c5f8a4616f441cc3902da9b807f843c2ad4f2a0c79a8907d91914184b40166e2111bfa76cb66de6107924c0529017204e810ef14390381fa
  languageName: node
  linkType: hard

"decamelize@npm:^1.0.0":
  version: 1.2.0
  resolution: "decamelize@npm:1.2.0"
  checksum: 10c0/85c39fe8fbf0482d4a1e224ef0119db5c1897f8503bcef8b826adff7a1b11414972f6fef2d7dec2ee0b4be3863cf64ac1439137ae9e6af23a3d8dcbe26a5b4b2
  languageName: node
  linkType: hard

"minimist@npm:~0.0.1":
  version: 0.0.10
  resolution: "minimist@npm:0.0.10"
  checksum: 10c0/c505a020144b6e49f2b1c7d1e378f3692b7102e989b4a49338fc171eb4229ddddb430e779ff803dcb11854050e3fe3c2298962a7d73c20df7c2044c92b2ba1da
  languageName: node
  linkType: hard

"optimist@npm:~0.6":
  version: 0.6.1
  resolution: "optimist@npm:0.6.1"
  dependencies:
    minimist: "npm:~0.0.1"
    wordwrap: "npm:~0.0.2"
  checksum: 10c0/8cb417328121e732dbfb4d94d53bb39b1406446b55323ed4ce787decc52394927e051ba879eb3ffa3171fe22a35ce13b460114b60effcead77443ee87c2f9b0f
  languageName: node
  linkType: hard

"owasp-nodejs-goat@workspace:.":
  version: 0.0.0-use.local
  resolution: "owasp-nodejs-goat@workspace:."
  dependencies:
    swig: "npm:1.4.2"
  languageName: unknown
  linkType: soft

"source-map@npm:0.1.34":
  version: 0.1.34
  resolution: "source-map@npm:0.1.34"
  dependencies:
    amdefine: "npm:>=0.0.4"
  checksum: 10c0/4d78fababf303219f125af4da3065072f4e6845c134f6b9b242c3606c5ed3eb1f27b29356ea72120a84c1e71c1344e92c66ad6993c08b9240dbe87bec5959817
  languageName: node
  linkType: hard

"swig@npm:1.4.2":
  version: 1.4.2
  resolution: "swig@npm:1.4.2"
  dependencies:
    optimist: "npm:~0.6"
    uglify-js: "npm:~2.4"
  bin:
    swig: ./bin/swig.js
  checksum: 10c0/9b7a4d6fed7bf02ce02d3ecbbfc946076b8f4ac806df20aa63c3234fe80950309390e19df2a9041f59c2772d5d4276d09bb46a1b53b90454577dcb2091f5fb41
  languageName: node
  linkType: hard

"uglify-js@npm:~2.4":
  version: 2.4.24
  resolution: "uglify-js@npm:2.4.24"
  dependencies:
    async: "npm:~0.2.6"
    source-map: "npm:0.1.34"
    uglify-to-browserify: "npm:~1.0.0"
    yargs: "npm:~3.5.4"
  bin:
    uglifyjs: bin/uglifyjs
  checksum: 10c0/8e7f31acfd64563dfc9ad2405172d9c0cd7c8c016c0d4e3d4a71ccc33db08b5c319cbd0d38ae7b4469c55ca805a52391348527c2b8835776cbf34eb45ca40f6e
  languageName: node
  linkType: hard

"uglify-to-browserify@npm:~1.0.0":
  version: 1.0.2
  resolution: "uglify-to-browserify@npm:1.0.2"
  checksum: 10c0/7927b554c2cbc110f3e6a5f8f5ed430710e72adadd9dc900fc3393b6d67f281048f2dfd1b2da3df9e88b9308b215247688d16337dccd5202d56636173a83ce16
  languageName: node
  linkType: hard

"window-size@npm:0.1.0":
  version: 0.1.0
  resolution: "window-size@npm:0.1.0"
  checksum: 10c0/4753f1d55afde8e89f49ab161a5c5bff9a5e025443a751f6e9654168c319cf9e429ac9ed19e12241cdf0fb9d7fdc4af220abd18f05ad8e254899d331f798723e
  languageName: node
  linkType: hard

"wordwrap@npm:0.0.2":
  version: 0.0.2
  resolution: "wordwrap@npm:0.0.2"
  checksum: 10c0/a697f8d4de35aa5fc09c84756a471a72cf602abcd8f45e132a28b0140369a4abd142676db4daa64632f10472cd7d6fa89daa308914b84ba6a5f43e35b6711501
  languageName: node
  linkType: hard

"wordwrap@npm:~0.0.2":
  version: 0.0.3
  resolution: "wordwrap@npm:0.0.3"
  checksum: 10c0/b3b212f8b2167091f59bc60929ada2166eb157abb6c8c82e2a705fe5aa5876440c3966ab39eb6c7bcb2ff0ac0c8d9fba726a9c2057b83bd65cdc1858f9d816ce
  languageName: node
  linkType: hard

"yargs@npm:~3.5.4":
  version: 3.5.4
  resolution: "yargs@npm:3.5.4"
  dependencies:
    camelcase: "npm:^1.0.2"
    decamelize: "npm:^1.0.0"
    window-size: "npm:0.1.0"
    wordwrap: "npm:0.0.2"
  checksum: 10c0/c81f983ebad46e30934c8c78d4da0aa61cc6dc84fe8b22515d12d70422db42141f94eda6f5ecb3b8e5d5f4d22a9a98b96c026290fd7efaf9ad9e63645ebdfbc1
  languageName: node
  linkType: hard
