# This file is generated by running "yarn install" inside your project.
# Manual changes might be lost - proceed with caution!

__metadata:
  version: 8
  cacheKey: 10c0

"debuglog@npm:1.0.1":
  version: 1.0.1
  resolution: "debuglog@npm:1.0.1"
  checksum: 10c0/d98ac9abe6a528fcbb4d843b1caf5a9116998c76e1263d8ff4db2c086aa96fa7ea4c752a81050fa2e4304129ef330e6e4dc9dd4d47141afd7db80bf699f08219
  languageName: node
  linkType: hard

"owasp-nodejs-goat@workspace:.":
  version: 0.0.0-use.local
  resolution: "owasp-nodejs-goat@workspace:."
  dependencies:
    debuglog: "npm:1.0.1"
  languageName: unknown
  linkType: soft
